// !$*UTF8*$!
{
	archiveVersion = 1;
	classes = {
	};
	objectVersion = 50;
	objects = {

/* Begin PBXBuildFile section */
		AFB5A16B2249597100E9C476 /* AppDelegate.m in Sources */ = {isa = PBXBuildFile; fileRef = AFB5A16A2249597100E9C476 /* AppDelegate.m */; };
		AFB5A16E2249597100E9C476 /* ViewController.m in Sources */ = {isa = PBXBuildFile; fileRef = AFB5A16D2249597100E9C476 /* ViewController.m */; };
		AFB5A1712249597100E9C476 /* Main.storyboard in Resources */ = {isa = PBXBuildFile; fileRef = AFB5A16F2249597100E9C476 /* Main.storyboard */; };
		AFB5A1732249597200E9C476 /* Assets.xcassets in Resources */ = {isa = PBXBuildFile; fileRef = AFB5A1722249597200E9C476 /* Assets.xcassets */; };
		AFB5A1762249597200E9C476 /* LaunchScreen.storyboard in Resources */ = {isa = PBXBuildFile; fileRef = AFB5A1742249597200E9C476 /* LaunchScreen.storyboard */; };
		AFB5A1792249597200E9C476 /* main.m in Sources */ = {isa = PBXBuildFile; fileRef = AFB5A1782249597200E9C476 /* main.m */; };
/* End PBXBuildFile section */

/* Begin PBXFileReference section */
		AFB5A1662249597100E9C476 /* JournalObjectiveC.app */ = {isa = PBXFileReference; explicitFileType = wrapper.application; includeInIndex = 0; path = JournalObjectiveC.app; sourceTree = BUILT_PRODUCTS_DIR; };
		AFB5A1692249597100E9C476 /* AppDelegate.h */ = {isa = PBXFileReference; lastKnownFileType = sourcecode.c.h; path = AppDelegate.h; sourceTree = "<group>"; };
		AFB5A16A2249597100E9C476 /* AppDelegate.m */ = {isa = PBXFileReference; lastKnownFileType = sourcecode.c.objc; path = AppDelegate.m; sourceTree = "<group>"; };
		AFB5A16C2249597100E9C476 /* ViewController.h */ = {isa = PBXFileReference; lastKnownFileType = sourcecode.c.h; path = ViewController.h; sourceTree = "<group>"; };
		AFB5A16D2249597100E9C476 /* ViewController.m */ = {isa = PBXFileReference; lastKnownFileType = sourcecode.c.objc; path = ViewController.m; sourceTree = "<group>"; };
		AFB5A1702249597100E9C476 /* Base */ = {isa = PBXFileReference; lastKnownFileType = file.storyboard; name = Base; path = Base.lproj/Main.storyboard; sourceTree = "<group>"; };
		AFB5A1722249597200E9C476 /* Assets.xcassets */ = {isa = PBXFileReference; lastKnownFileType = folder.assetcatalog; path = Assets.xcassets; sourceTree = "<group>"; };
		AFB5A1752249597200E9C476 /* Base */ = {isa = PBXFileReference; lastKnownFileType = file.storyboard; name = Base; path = Base.lproj/LaunchScreen.storyboard; sourceTree = "<group>"; };
		AFB5A1772249597200E9C476 /* Info.plist */ = {isa = PBXFileReference; lastKnownFileType = text.plist.xml; path = Info.plist; sourceTree = "<group>"; };
		AFB5A1782249597200E9C476 /* main.m */ = {isa = PBXFileReference; lastKnownFileType = sourcecode.c.objc; path = main.m; sourceTree = "<group>"; };
/* End PBXFileReference section */

/* Begin PBXFrameworksBuildPhase section */
		AFB5A1632249597100E9C476 /* Frameworks */ = {
			isa = PBXFrameworksBuildPhase;
			buildActionMask = 2147483647;
			files = (
			);
			runOnlyForDeploymentPostprocessing = 0;
		};
/* End PBXFrameworksBuildPhase section */

/* Begin PBXGroup section */
		AFB5A15D2249597100E9C476 = {
			isa = PBXGroup;
			children = (
				AFB5A1682249597100E9C476 /* JournalObjectiveC */,
				AFB5A1672249597100E9C476 /* Products */,
			);
			sourceTree = "<group>";
		};
		AFB5A1672249597100E9C476 /* Products */ = {
			isa = PBXGroup;
			children = (
				AFB5A1662249597100E9C476 /* JournalObjectiveC.app */,
			);
			name = Products;
			sourceTree = "<group>";
		};
		AFB5A1682249597100E9C476 /* JournalObjectiveC */ = {
			isa = PBXGroup;
			children = (
				AFB5A1692249597100E9C476 /* AppDelegate.h */,
				AFB5A16A2249597100E9C476 /* AppDelegate.m */,
				AFB5A16C2249597100E9C476 /* ViewController.h */,
				AFB5A16D2249597100E9C476 /* ViewController.m */,
				AFB5A16F2249597100E9C476 /* Main.storyboard */,
				AFB5A1722249597200E9C476 /* Assets.xcassets */,
				AFB5A1742249597200E9C476 /* LaunchScreen.storyboard */,
				AFB5A1772249597200E9C476 /* Info.plist */,
				AFB5A1782249597200E9C476 /* main.m */,
			);
			path = JournalObjectiveC;
			sourceTree = "<group>";
		};
/* End PBXGroup section */

/* Begin PBXNativeTarget section */
		AFB5A1652249597100E9C476 /* JournalObjectiveC */ = {
			isa = PBXNativeTarget;
			buildConfigurationList = AFB5A17C2249597200E9C476 /* Build configuration list for PBXNativeTarget "JournalObjectiveC" */;
			buildPhases = (
				AFB5A1622249597100E9C476 /* Sources */,
				AFB5A1632249597100E9C476 /* Frameworks */,
				AFB5A1642249597100E9C476 /* Resources */,
			);
			buildRules = (
			);
			dependencies = (
			);
			name = JournalObjectiveC;
			productName = JournalObjectiveC;
			productReference = AFB5A1662249597100E9C476 /* JournalObjectiveC.app */;
			productType = "com.apple.product-type.application";
		};
/* End PBXNativeTarget section */

/* Begin PBXProject section */
		AFB5A15E2249597100E9C476 /* Project object */ = {
			isa = PBXProject;
			attributes = {
				LastUpgradeCheck = 1010;
				ORGANIZATIONNAME = "Colin Smith";
				TargetAttributes = {
					AFB5A1652249597100E9C476 = {
						CreatedOnToolsVersion = 10.1;
					};
				};
			};
			buildConfigurationList = AFB5A1612249597100E9C476 /* Build configuration list for PBXProject "JournalObjectiveC" */;
			compatibilityVersion = "Xcode 9.3";
			developmentRegion = en;
			hasScannedForEncodings = 0;
			knownRegions = (
				en,
				Base,
			);
			mainGroup = AFB5A15D2249597100E9C476;
			productRefGroup = AFB5A1672249597100E9C476 /* Products */;
			projectDirPath = "";
			projectRoot = "";
			targets = (
				AFB5A1652249597100E9C476 /* JournalObjectiveC */,
			);
		};
/* End PBXProject section */

/* Begin PBXResourcesBuildPhase section */
		AFB5A1642249597100E9C476 /* Resources */ = {
			isa = PBXResourcesBuildPhase;
			buildActionMask = 2147483647;
			files = (
				AFB5A1762249597200E9C476 /* LaunchScreen.storyboard in Resources */,
				AFB5A1732249597200E9C476 /* Assets.xcassets in Resources */,
				AFB5A1712249597100E9C476 /* Main.storyboard in Resources */,
			);
			runOnlyForDeploymentPostprocessing = 0;
		};
/* End PBXResourcesBuildPhase section */

/* Begin PBXSourcesBuildPhase section */
		AFB5A1622249597100E9C476 /* Sources */ = {
			isa = PBXSourcesBuildPhase;
			buildActionMask = 2147483647;
			files = (
				AFB5A16E2249597100E9C476 /* ViewController.m in Sources */,
				AFB5A1792249597200E9C476 /* main.m in Sources */,
				AFB5A16B2249597100E9C476 /* AppDelegate.m in Sources */,
			);
			runOnlyForDeploymentPostprocessing = 0;
		};
/* End PBXSourcesBuildPhase section */

/* Begin PBXVariantGroup section */
		AFB5A16F2249597100E9C476 /* Main.storyboard */ = {
			isa = PBXVariantGroup;
			children = (
				AFB5A1702249597100E9C476 /* Base */,
			);
			name = Main.storyboard;
			sourceTree = "<group>";
		};
		AFB5A1742249597200E9C476 /* LaunchScreen.storyboard */ = {
			isa = PBXVariantGroup;
			children = (
				AFB5A1752249597200E9C476 /* Base */,
			);
			name = LaunchScreen.storyboard;
			sourceTree = "<group>";
		};
/* End PBXVariantGroup section */

/* Begin XCBuildConfiguration section */
		AFB5A17A2249597200E9C476 /* Debug */ = {
			isa = XCBuildConfiguration;
			buildSettings = {
				ALWAYS_SEARCH_USER_PATHS = NO;
				CLANG_ANALYZER_NONNULL = YES;
				CLANG_ANALYZER_NUMBER_OBJECT_CONVERSION = YES_AGGRESSIVE;
				CLANG_CXX_LANGUAGE_STANDARD = "gnu++14";
				CLANG_CXX_LIBRARY = "libc++";
				CLANG_ENABLE_MODULES = YES;
				CLANG_ENABLE_OBJC_ARC = YES;
				CLANG_ENABLE_OBJC_WEAK = YES;
				CLANG_WARN_BLOCK_CAPTURE_AUTORELEASING = YES;
				CLANG_WARN_BOOL_CONVERSION = YES;
				CLANG_WARN_COMMA = YES;
				CLANG_WARN_CONSTANT_CONVERSION = YES;
				CLANG_WARN_DEPRECATED_OBJC_IMPLEMENTATIONS = YES;
				CLANG_WARN_DIRECT_OBJC_ISA_USAGE = YES_ERROR;
				CLANG_WARN_DOCUMENTATION_COMMENTS = YES;
				CLANG_WARN_EMPTY_BODY = YES;
				CLANG_WARN_ENUM_CONVERSION = YES;
				CLANG_WARN_INFINITE_RECURSION = YES;
				CLANG_WARN_INT_CONVERSION = YES;
				CLANG_WARN_NON_LITERAL_NULL_CONVERSION = YES;
				CLANG_WARN_OBJC_IMPLICIT_RETAIN_SELF = YES;
				CLANG_WARN_OBJC_LITERAL_CONVERSION = YES;
				CLANG_WARN_OBJC_ROOT_CLASS = YES_ERROR;
				CLANG_WARN_RANGE_LOOP_ANALYSIS = YES;
				CLANG_WARN_STRICT_PROTOTYPES = YES;
				CLANG_WARN_SUSPICIOUS_MOVE = YES;
				CLANG_WARN_UNGUARDED_AVAILABILITY = YES_AGGRESSIVE;
				CLANG_WARN_UNREACHABLE_CODE = YES;
				CLANG_WARN__DUPLICATE_METHOD_MATCH = YES;
				CODE_SIGN_IDENTITY = "iPhone Developer";
				COPY_PHASE_STRIP = NO;
				DEBUG_INFORMATION_FORMAT = dwarf;
				ENABLE_STRICT_OBJC_MSGSEND = YES;
				ENABLE_TESTABILITY = YES;
				GCC_C_LANGUAGE_STANDARD = gnu11;
				GCC_DYNAMIC_NO_PIC = NO;
				GCC_NO_COMMON_BLOCKS = YES;
				GCC_OPTIMIZATION_LEVEL = 0;
				GCC_PREPROCESSOR_DEFINITIONS = (
					"DEBUG=1",
					"$(inherited)",
				);
				GCC_WARN_64_TO_32_BIT_CONVERSION = YES;
				GCC_WARN_ABOUT_RETURN_TYPE = YES_ERROR;
				GCC_WARN_UNDECLARED_SELECTOR = YES;
				GCC_WARN_UNINITIALIZED_AUTOS = YES_AGGRESSIVE;
				GCC_WARN_UNUSED_FUNCTION = YES;
				GCC_WARN_UNUSED_VARIABLE = YES;
				IPHONEOS_DEPLOYMENT_TARGET = 12.1;
				MTL_ENABLE_DEBUG_INFO = INCLUDE_SOURCE;
				MTL_FAST_MATH = YES;
				ONLY_ACTIVE_ARCH = YES;
				SDKROOT = iphoneos;
			};
			name = Debug;
		};
		AFB5A17B2249597200E9C476 /* Release */ = {
			isa = XCBuildConfiguration;
			buildSettings = {
				ALWAYS_SEARCH_USER_PATHS = NO;
				CLANG_ANALYZER_NONNULL = YES;
				CLANG_ANALYZER_NUMBER_OBJECT_CONVERSION = YES_AGGRESSIVE;
				CLANG_CXX_LANGUAGE_STANDARD = "gnu++14";
				CLANG_CXX_LIBRARY = "libc++";
				CLANG_ENABLE_MODULES = YES;
				CLANG_ENABLE_OBJC_ARC = YES;
				CLANG_ENABLE_OBJC_WEAK = YES;
				CLANG_WARN_BLOCK_CAPTURE_AUTORELEASING = YES;
				CLANG_WARN_BOOL_CONVERSION = YES;
				CLANG_WARN_COMMA = YES;
				CLANG_WARN_CONSTANT_CONVERSION = YES;
				CLANG_WARN_DEPRECATED_OBJC_IMPLEMENTATIONS = YES;
				CLANG_WARN_DIRECT_OBJC_ISA_USAGE = YES_ERROR;
				CLANG_WARN_DOCUMENTATION_COMMENTS = YES;
				CLANG_WARN_EMPTY_BODY = YES;
				CLANG_WARN_ENUM_CONVERSION = YES;
				CLANG_WARN_INFINITE_RECURSION = YES;
				CLANG_WARN_INT_CONVERSION = YES;
				CLANG_WARN_NON_LITERAL_NULL_CONVERSION = YES;
				CLANG_WARN_OBJC_IMPLICIT_RETAIN_SELF = YES;
				CLANG_WARN_OBJC_LITERAL_CONVERSION = YES;
				CLANG_WARN_OBJC_ROOT_CLASS = YES_ERROR;
				CLANG_WARN_RANGE_LOOP_ANALYSIS = YES;
				CLANG_WARN_STRICT_PROTOTYPES = YES;
				CLANG_WARN_SUSPICIOUS_MOVE = YES;
				CLANG_WARN_UNGUARDED_AVAILABILITY = YES_AGGRESSIVE;
				CLANG_WARN_UNREACHABLE_CODE = YES;
				CLANG_WARN__DUPLICATE_METHOD_MATCH = YES;
				CODE_SIGN_IDENTITY = "iPhone Developer";
				COPY_PHASE_STRIP = NO;
				DEBUG_INFORMATION_FORMAT = "dwarf-with-dsym";
				ENABLE_NS_ASSERTIONS = NO;
				ENABLE_STRICT_OBJC_MSGSEND = YES;
				GCC_C_LANGUAGE_STANDARD = gnu11;
				GCC_NO_COMMON_BLOCKS = YES;
				GCC_WARN_64_TO_32_BIT_CONVERSION = YES;
				GCC_WARN_ABOUT_RETURN_TYPE = YES_ERROR;
				GCC_WARN_UNDECLARED_SELECTOR = YES;
				GCC_WARN_UNINITIALIZED_AUTOS = YES_AGGRESSIVE;
				GCC_WARN_UNUSED_FUNCTION = YES;
				GCC_WARN_UNUSED_VARIABLE = YES;
				IPHONEOS_DEPLOYMENT_TARGET = 12.1;
				MTL_ENABLE_DEBUG_INFO = NO;
				MTL_FAST_MATH = YES;
				SDKROOT = iphoneos;
				VALIDATE_PRODUCT = YES;
			};
			name = Release;
		};
		AFB5A17D2249597200E9C476 /* Debug */ = {
			isa = XCBuildConfiguration;
			buildSettings = {
				ASSETCATALOG_COMPILER_APPICON_NAME = AppIcon;
				CODE_SIGN_STYLE = Automatic;
				DEVELOPMENT_TEAM = 2779EQ3QB6;
				INFOPLIST_FILE = JournalObjectiveC/Info.plist;
				LD_RUNPATH_SEARCH_PATHS = (
					"$(inherited)",
					"@executable_path/Frameworks",
				);
				PRODUCT_BUNDLE_IDENTIFIER = com.colinsmith.JournalObjectiveC;
				PRODUCT_NAME = "$(TARGET_NAME)";
				TARGETED_DEVICE_FAMILY = "1,2";
			};
			name = Debug;
		};
		AFB5A17E2249597200E9C476 /* Release */ = {
			isa = XCBuildConfiguration;
			buildSettings = {
				ASSETCATALOG_COMPILER_APPICON_NAME = AppIcon;
				CODE_SIGN_STYLE = Automatic;
				DEVELOPMENT_TEAM = 2779EQ3QB6;
				INFOPLIST_FILE = JournalObjectiveC/Info.plist;
				LD_RUNPATH_SEARCH_PATHS = (
					"$(inherited)",
					"@executable_path/Frameworks",
				);
				PRODUCT_BUNDLE_IDENTIFIER = com.colinsmith.JournalObjectiveC;
				PRODUCT_NAME = "$(TARGET_NAME)";
				TARGETED_DEVICE_FAMILY = "1,2";
			};
			name = Release;
		};
/* End XCBuildConfiguration section */

/* Begin XCConfigurationList section */
		AFB5A1612249597100E9C476 /* Build configuration list for PBXProject "JournalObjectiveC" */ = {
			isa = XCConfigurationList;
			buildConfigurations = (
				AFB5A17A2249597200E9C476 /* Debug */,
				AFB5A17B2249597200E9C476 /* Release */,
			);
			defaultConfigurationIsVisible = 0;
			defaultConfigurationName = Release;
		};
		AFB5A17C2249597200E9C476 /* Build configuration list for PBXNativeTarget "JournalObjectiveC" */ = {
			isa = XCConfigurationList;
			buildConfigurations = (
				AFB5A17D2249597200E9C476 /* Debug */,
				AFB5A17E2249597200E9C476 /* Release */,
			);
			defaultConfigurationIsVisible = 0;
			defaultConfigurationName = Release;
		};
/* End XCConfigurationList section */
	};
	rootObject = AFB5A15E2249597100E9C476 /* Project object */;
}
